
Microsoft Visual Studio Solution File, Format Version 12.00
Project("{FAE04EC0-301F-11D3-BF4B-00C04F79EFBC}") = "NotEnoughLogs", "NotEnoughLogs\NotEnoughLogs.csproj", "{4D6D2294-8B76-46A6-82D5-D0FC6B997598}"
EndProject
Project("{FAE04EC0-301F-11D3-BF4B-00C04F79EFBC}") = "NotEnoughLogs.Example", "NotEnoughLogs.Example\NotEnoughLogs.Example.csproj", "{51C4CEEE-AA24-4248-9CD9-AD844A58269D}"
EndProject
Global
	GlobalSection(SolutionConfigurationPlatforms) = preSolution
		Debug|Any CPU = Debug|Any CPU
		Release|Any CPU = Release|Any CPU
	EndGlobalSection
	GlobalSection(ProjectConfigurationPlatforms) = postSolution
		{4D6D2294-8B76-46A6-82D5-D0FC6B997598}.Debug|Any CPU.ActiveCfg = Debug|Any CPU
		{4D6D2294-8B76-46A6-82D5-D0FC6B997598}.Debug|Any CPU.Build.0 = Debug|Any CPU
		{4D6D2294-8B76-46A6-82D5-D0FC6B997598}.Release|Any CPU.ActiveCfg = Release|Any CPU
		{4D6D2294-8B76-46A6-82D5-D0FC6B997598}.Release|Any CPU.Build.0 = Release|Any CPU
		{51C4CEEE-AA24-4248-9CD9-AD844A58269D}.Debug|Any CPU.ActiveCfg = Debug|Any CPU
		{51C4CEEE-AA24-4248-9CD9-AD844A58269D}.Debug|Any CPU.Build.0 = Debug|Any CPU
		{51C4CEEE-AA24-4248-9CD9-AD844A58269D}.Release|Any CPU.ActiveCfg = Release|Any CPU
		{51C4CEEE-AA24-4248-9CD9-AD844A58269D}.Release|Any CPU.Build.0 = Release|Any CPU
	EndGlobalSection
EndGlobal
